
Microsoft Visual Studio Solution File, Format Version 12.00
# Visual Studio Version 17
VisualStudioVersion = 17.7.34202.233
MinimumVisualStudioVersion = 10.0.40219.1
Project("{FAE04EC0-301F-11D3-BF4B-00C04F79EFBC}") = "12 Youtube's Video Recommendations and Genetic Algorithms IMS", "12 Youtube's Video Recommendations and Genetic Algorithms IMS.csproj", "{A323DF9A-12F3-421B-BB19-22DD46686C71}"
EndProject
Global
	GlobalSection(SolutionConfigurationPlatforms) = preSolution
		Debug|Any CPU = Debug|Any CPU
		Release|Any CPU = Release|Any CPU
	EndGlobalSection
	GlobalSection(ProjectConfigurationPlatforms) = postSolution
		{A323DF9A-12F3-421B-BB19-22DD46686C71}.Debug|Any CPU.ActiveCfg = Debug|Any CPU
		{A323DF9A-12F3-421B-BB19-22DD46686C71}.Debug|Any CPU.Build.0 = Debug|Any CPU
		{A323DF9A-12F3-421B-BB19-22DD46686C71}.Release|Any CPU.ActiveCfg = Release|Any CPU
		{A323DF9A-12F3-421B-BB19-22DD46686C71}.Release|Any CPU.Build.0 = Release|Any CPU
	EndGlobalSection
	GlobalSection(SolutionProperties) = preSolution
		HideSolutionNode = FALSE
	EndGlobalSection
	GlobalSection(ExtensibilityGlobals) = postSolution
		SolutionGuid = {5EBDD816-C3AC-45BA-ADD3-749FECB4133E}
	EndGlobalSection
EndGlobal
